
Microsoft Visual Studio Solution File, Format Version 11.00
# Visual Studio 2010
Project("{FAE04EC0-301F-11D3-BF4B-00C04F79EFBC}") = "Traveling Merchant 2D", "Assembly-CSharp-firstpass.csproj", "{F694269A-E5AC-0F5A-52DC-C98B88725B1A}"
EndProject
Project("{FAE04EC0-301F-11D3-BF4B-00C04F79EFBC}") = "Traveling Merchant 2D", "Assembly-CSharp.csproj", "{8E19A137-A613-721D-130B-8466F21E9971}"
EndProject
Project("{FAE04EC0-301F-11D3-BF4B-00C04F79EFBC}") = "Traveling Merchant 2D", "Assembly-CSharp-Editor.csproj", "{A99EE24C-B63F-B540-6A26-3DF706D540D1}"
EndProject
Global
	GlobalSection(SolutionConfigurationPlatforms) = preSolution
		Debug|Any CPU = Debug|Any CPU
		Release|Any CPU = Release|Any CPU
	EndGlobalSection
	GlobalSection(ProjectConfigurationPlatforms) = postSolution
		{F694269A-E5AC-0F5A-52DC-C98B88725B1A}.Debug|Any CPU.ActiveCfg = Debug|Any CPU
		{F694269A-E5AC-0F5A-52DC-C98B88725B1A}.Debug|Any CPU.Build.0 = Debug|Any CPU
		{F694269A-E5AC-0F5A-52DC-C98B88725B1A}.Release|Any CPU.ActiveCfg = Release|Any CPU
		{F694269A-E5AC-0F5A-52DC-C98B88725B1A}.Release|Any CPU.Build.0 = Release|Any CPU
		{8E19A137-A613-721D-130B-8466F21E9971}.Debug|Any CPU.ActiveCfg = Debug|Any CPU
		{8E19A137-A613-721D-130B-8466F21E9971}.Debug|Any CPU.Build.0 = Debug|Any CPU
		{8E19A137-A613-721D-130B-8466F21E9971}.Release|Any CPU.ActiveCfg = Release|Any CPU
		{8E19A137-A613-721D-130B-8466F21E9971}.Release|Any CPU.Build.0 = Release|Any CPU
		{A99EE24C-B63F-B540-6A26-3DF706D540D1}.Debug|Any CPU.ActiveCfg = Debug|Any CPU
		{A99EE24C-B63F-B540-6A26-3DF706D540D1}.Debug|Any CPU.Build.0 = Debug|Any CPU
		{A99EE24C-B63F-B540-6A26-3DF706D540D1}.Release|Any CPU.ActiveCfg = Release|Any CPU
		{A99EE24C-B63F-B540-6A26-3DF706D540D1}.Release|Any CPU.Build.0 = Release|Any CPU
	EndGlobalSection
	GlobalSection(SolutionProperties) = preSolution
		HideSolutionNode = FALSE
	EndGlobalSection
	GlobalSection(MonoDevelopProperties) = preSolution
		StartupItem = Assembly-CSharp.csproj
	EndGlobalSection
EndGlobal
